
Microsoft Visual Studio Solution File, Format Version 12.00
# Visual Studio 15
VisualStudioVersion = 15.0.28307.329
MinimumVisualStudioVersion = 10.0.40219.1
Project("{FAE04EC0-301F-11D3-BF4B-00C04F79EFBC}") = "my_repository_project", "my_repo_project\my_repository_project.csproj", "{F32D5A64-1239-4C4C-AD63-91AE000461C6}"
EndProject
Global
	GlobalSection(SolutionConfigurationPlatforms) = preSolution
		Debug|Any CPU = Debug|Any CPU
		Release|Any CPU = Release|Any CPU
	EndGlobalSection
	GlobalSection(ProjectConfigurationPlatforms) = postSolution
		{F32D5A64-1239-4C4C-AD63-91AE000461C6}.Debug|Any CPU.ActiveCfg = Debug|Any CPU
		{F32D5A64-1239-4C4C-AD63-91AE000461C6}.Debug|Any CPU.Build.0 = Debug|Any CPU
		{F32D5A64-1239-4C4C-AD63-91AE000461C6}.Release|Any CPU.ActiveCfg = Release|Any CPU
		{F32D5A64-1239-4C4C-AD63-91AE000461C6}.Release|Any CPU.Build.0 = Release|Any CPU
	EndGlobalSection
	GlobalSection(SolutionProperties) = preSolution
		HideSolutionNode = FALSE
	EndGlobalSection
	GlobalSection(ExtensibilityGlobals) = postSolution
		SolutionGuid = {C27511B1-1884-4262-921B-E116677CC06C}
	EndGlobalSection
EndGlobal
